
Microsoft Visual Studio Solution File, Format Version 12.00
# Visual Studio 14
VisualStudioVersion = 14.0.25420.1
MinimumVisualStudioVersion = 10.0.40219.1
Project("{FAE04EC0-301F-11D3-BF4B-00C04F79EFBC}") = "Lab1", "Lab1\Lab1.csproj", "{3BBF0BB8-AA17-460A-A8A5-E92446632AAC}"
EndProject
Project("{FAE04EC0-301F-11D3-BF4B-00C04F79EFBC}") = "Lab3.Fractals", "Lab3.Fractals\Lab3.Fractals.csproj", "{61637E9E-188E-430F-A02C-ABA5F58AB478}"
EndProject
Project("{2150E333-8FDC-42A3-9474-1A3956D46DE8}") = "Lab3", "Lab3", "{1B32645B-F5CF-442A-8FC2-1559A996F7AA}"
EndProject
Project("{FAE04EC0-301F-11D3-BF4B-00C04F79EFBC}") = "Lab4", "Lab4\Lab4.csproj", "{745F87D0-4814-4E06-A299-C919B456C153}"
EndProject
Project("{2150E333-8FDC-42A3-9474-1A3956D46DE8}") = "Lab5", "Lab5", "{802182C3-D297-47A1-8500-F23DC658EB4E}"
EndProject
Project("{FAE04EC0-301F-11D3-BF4B-00C04F79EFBC}") = "Lab5", "Lab5\Lab5.csproj", "{D1DD662C-0ADC-4C61-8974-CFC8F03C6A69}"
EndProject
Project("{2150E333-8FDC-42A3-9474-1A3956D46DE8}") = "Lab6", "Lab6", "{9ED620A2-7317-4A3F-B7F2-E4860A79B263}"
EndProject
Project("{FAE04EC0-301F-11D3-BF4B-00C04F79EFBC}") = "Lab6", "Lab6\Lab6.csproj", "{9AFB4948-2DC8-46A2-B095-CCA77A83A8A3}"
EndProject
Project("{FAE04EC0-301F-11D3-BF4B-00C04F79EFBC}") = "Tests", "Tests\Tests.csproj", "{C1272793-9B73-47B2-9664-935A68E9F1BC}"
EndProject
Global
	GlobalSection(SolutionConfigurationPlatforms) = preSolution
		Debug|Any CPU = Debug|Any CPU
		Release|Any CPU = Release|Any CPU
	EndGlobalSection
	GlobalSection(ProjectConfigurationPlatforms) = postSolution
		{3BBF0BB8-AA17-460A-A8A5-E92446632AAC}.Debug|Any CPU.ActiveCfg = Debug|Any CPU
		{3BBF0BB8-AA17-460A-A8A5-E92446632AAC}.Debug|Any CPU.Build.0 = Debug|Any CPU
		{3BBF0BB8-AA17-460A-A8A5-E92446632AAC}.Release|Any CPU.ActiveCfg = Release|Any CPU
		{3BBF0BB8-AA17-460A-A8A5-E92446632AAC}.Release|Any CPU.Build.0 = Release|Any CPU
		{61637E9E-188E-430F-A02C-ABA5F58AB478}.Debug|Any CPU.ActiveCfg = Debug|Any CPU
		{61637E9E-188E-430F-A02C-ABA5F58AB478}.Debug|Any CPU.Build.0 = Debug|Any CPU
		{61637E9E-188E-430F-A02C-ABA5F58AB478}.Release|Any CPU.ActiveCfg = Release|Any CPU
		{61637E9E-188E-430F-A02C-ABA5F58AB478}.Release|Any CPU.Build.0 = Release|Any CPU
		{745F87D0-4814-4E06-A299-C919B456C153}.Debug|Any CPU.ActiveCfg = Debug|Any CPU
		{745F87D0-4814-4E06-A299-C919B456C153}.Debug|Any CPU.Build.0 = Debug|Any CPU
		{745F87D0-4814-4E06-A299-C919B456C153}.Release|Any CPU.ActiveCfg = Release|Any CPU
		{745F87D0-4814-4E06-A299-C919B456C153}.Release|Any CPU.Build.0 = Release|Any CPU
		{D1DD662C-0ADC-4C61-8974-CFC8F03C6A69}.Debug|Any CPU.ActiveCfg = Debug|Any CPU
		{D1DD662C-0ADC-4C61-8974-CFC8F03C6A69}.Debug|Any CPU.Build.0 = Debug|Any CPU
		{D1DD662C-0ADC-4C61-8974-CFC8F03C6A69}.Release|Any CPU.ActiveCfg = Release|Any CPU
		{D1DD662C-0ADC-4C61-8974-CFC8F03C6A69}.Release|Any CPU.Build.0 = Release|Any CPU
		{9AFB4948-2DC8-46A2-B095-CCA77A83A8A3}.Debug|Any CPU.ActiveCfg = Debug|Any CPU
		{9AFB4948-2DC8-46A2-B095-CCA77A83A8A3}.Debug|Any CPU.Build.0 = Debug|Any CPU
		{9AFB4948-2DC8-46A2-B095-CCA77A83A8A3}.Release|Any CPU.ActiveCfg = Release|Any CPU
		{9AFB4948-2DC8-46A2-B095-CCA77A83A8A3}.Release|Any CPU.Build.0 = Release|Any CPU
		{C1272793-9B73-47B2-9664-935A68E9F1BC}.Debug|Any CPU.ActiveCfg = Debug|Any CPU
		{C1272793-9B73-47B2-9664-935A68E9F1BC}.Debug|Any CPU.Build.0 = Debug|Any CPU
		{C1272793-9B73-47B2-9664-935A68E9F1BC}.Release|Any CPU.ActiveCfg = Release|Any CPU
		{C1272793-9B73-47B2-9664-935A68E9F1BC}.Release|Any CPU.Build.0 = Release|Any CPU
	EndGlobalSection
	GlobalSection(SolutionProperties) = preSolution
		HideSolutionNode = FALSE
	EndGlobalSection
	GlobalSection(NestedProjects) = preSolution
		{61637E9E-188E-430F-A02C-ABA5F58AB478} = {1B32645B-F5CF-442A-8FC2-1559A996F7AA}
		{D1DD662C-0ADC-4C61-8974-CFC8F03C6A69} = {802182C3-D297-47A1-8500-F23DC658EB4E}
		{9AFB4948-2DC8-46A2-B095-CCA77A83A8A3} = {9ED620A2-7317-4A3F-B7F2-E4860A79B263}
		{C1272793-9B73-47B2-9664-935A68E9F1BC} = {9ED620A2-7317-4A3F-B7F2-E4860A79B263}
	EndGlobalSection
EndGlobal
